// !$*UTF8*$!
{
	archiveVersion = 1;
	classes = {
	};
	objectVersion = 56;
	objects = {

/* Begin PBXBuildFile section */
		658DB1B829FBCDB400DFA24E /* PowerConsumptionApp.swift in Sources */ = {isa = PBXBuildFile; fileRef = 658DB1B729FBCDB400DFA24E /* PowerConsumptionApp.swift */; };
		658DB1BC29FBCDB500DFA24E /* Assets.xcassets in Resources */ = {isa = PBXBuildFile; fileRef = 658DB1BB29FBCDB500DFA24E /* Assets.xcassets */; };
		658DB1BF29FBCDB500DFA24E /* Preview Assets.xcassets in Resources */ = {isa = PBXBuildFile; fileRef = 658DB1BE29FBCDB500DFA24E /* Preview Assets.xcassets */; };
		658DB1C829FBD50500DFA24E /* psudata.c in Sources */ = {isa = PBXBuildFile; fileRef = 658DB1C729FBD50500DFA24E /* psudata.c */; };
		658DB1CD29FBDBF200DFA24E /* IOKit.framework in Frameworks */ = {isa = PBXBuildFile; fileRef = 658DB1CC29FBDBF200DFA24E /* IOKit.framework */; };
/* End PBXBuildFile section */

/* Begin PBXFileReference section */
		658DB1B429FBCDB400DFA24E /* PowerConsumption.app */ = {isa = PBXFileReference; explicitFileType = wrapper.application; includeInIndex = 0; path = PowerConsumption.app; sourceTree = BUILT_PRODUCTS_DIR; };
		658DB1B729FBCDB400DFA24E /* PowerConsumptionApp.swift */ = {isa = PBXFileReference; lastKnownFileType = sourcecode.swift; path = PowerConsumptionApp.swift; sourceTree = "<group>"; };
		658DB1BB29FBCDB500DFA24E /* Assets.xcassets */ = {isa = PBXFileReference; lastKnownFileType = folder.assetcatalog; path = Assets.xcassets; sourceTree = "<group>"; };
		658DB1BE29FBCDB500DFA24E /* Preview Assets.xcassets */ = {isa = PBXFileReference; lastKnownFileType = folder.assetcatalog; path = "Preview Assets.xcassets"; sourceTree = "<group>"; };
		658DB1C029FBCDB500DFA24E /* PowerConsumption.entitlements */ = {isa = PBXFileReference; lastKnownFileType = text.plist.entitlements; path = PowerConsumption.entitlements; sourceTree = "<group>"; };
		658DB1C629FBD50500DFA24E /* PowerConsumption-Bridging-Header.h */ = {isa = PBXFileReference; lastKnownFileType = sourcecode.c.h; path = "PowerConsumption-Bridging-Header.h"; sourceTree = "<group>"; };
		658DB1C729FBD50500DFA24E /* psudata.c */ = {isa = PBXFileReference; fileEncoding = 4; lastKnownFileType = sourcecode.c.c; path = psudata.c; sourceTree = "<group>"; };
		658DB1CC29FBDBF200DFA24E /* IOKit.framework */ = {isa = PBXFileReference; lastKnownFileType = wrapper.framework; name = IOKit.framework; path = System/Library/Frameworks/IOKit.framework; sourceTree = SDKROOT; };
/* End PBXFileReference section */

/* Begin PBXFrameworksBuildPhase section */
		658DB1B129FBCDB400DFA24E /* Frameworks */ = {
			isa = PBXFrameworksBuildPhase;
			buildActionMask = 2147483647;
			files = (
				658DB1CD29FBDBF200DFA24E /* IOKit.framework in Frameworks */,
			);
			runOnlyForDeploymentPostprocessing = 0;
		};
/* End PBXFrameworksBuildPhase section */

/* Begin PBXGroup section */
		658DB1AB29FBCDB400DFA24E = {
			isa = PBXGroup;
			children = (
				658DB1B629FBCDB400DFA24E /* PowerConsumption */,
				658DB1B529FBCDB400DFA24E /* Products */,
				658DB1CB29FBDBF200DFA24E /* Frameworks */,
			);
			sourceTree = "<group>";
		};
		658DB1B529FBCDB400DFA24E /* Products */ = {
			isa = PBXGroup;
			children = (
				658DB1B429FBCDB400DFA24E /* PowerConsumption.app */,
			);
			name = Products;
			sourceTree = "<group>";
		};
		658DB1B629FBCDB400DFA24E /* PowerConsumption */ = {
			isa = PBXGroup;
			children = (
				658DB1C729FBD50500DFA24E /* psudata.c */,
				658DB1B729FBCDB400DFA24E /* PowerConsumptionApp.swift */,
				658DB1BB29FBCDB500DFA24E /* Assets.xcassets */,
				658DB1C029FBCDB500DFA24E /* PowerConsumption.entitlements */,
				658DB1C629FBD50500DFA24E /* PowerConsumption-Bridging-Header.h */,
				658DB1BD29FBCDB500DFA24E /* Preview Content */,
			);
			path = PowerConsumption;
			sourceTree = "<group>";
		};
		658DB1BD29FBCDB500DFA24E /* Preview Content */ = {
			isa = PBXGroup;
			children = (
				658DB1BE29FBCDB500DFA24E /* Preview Assets.xcassets */,
			);
			path = "Preview Content";
			sourceTree = "<group>";
		};
		658DB1CB29FBDBF200DFA24E /* Frameworks */ = {
			isa = PBXGroup;
			children = (
				658DB1CC29FBDBF200DFA24E /* IOKit.framework */,
			);
			name = Frameworks;
			sourceTree = "<group>";
		};
/* End PBXGroup section */

/* Begin PBXNativeTarget section */
		658DB1B329FBCDB400DFA24E /* PowerConsumption */ = {
			isa = PBXNativeTarget;
			buildConfigurationList = 658DB1C329FBCDB500DFA24E /* Build configuration list for PBXNativeTarget "PowerConsumption" */;
			buildPhases = (
				658DB1B029FBCDB400DFA24E /* Sources */,
				658DB1B129FBCDB400DFA24E /* Frameworks */,
				658DB1B229FBCDB400DFA24E /* Resources */,
			);
			buildRules = (
			);
			dependencies = (
			);
			name = PowerConsumption;
			productName = PowerConsumption;
			productReference = 658DB1B429FBCDB400DFA24E /* PowerConsumption.app */;
			productType = "com.apple.product-type.application";
		};
/* End PBXNativeTarget section */

/* Begin PBXProject section */
		658DB1AC29FBCDB400DFA24E /* Project object */ = {
			isa = PBXProject;
			attributes = {
				BuildIndependentTargetsInParallel = 1;
				LastSwiftUpdateCheck = 1430;
				LastUpgradeCheck = 1430;
				TargetAttributes = {
					658DB1B329FBCDB400DFA24E = {
						CreatedOnToolsVersion = 14.3;
						LastSwiftMigration = 1430;
					};
				};
			};
			buildConfigurationList = 658DB1AF29FBCDB400DFA24E /* Build configuration list for PBXProject "PowerConsumption" */;
			compatibilityVersion = "Xcode 14.0";
			developmentRegion = en;
			hasScannedForEncodings = 0;
			knownRegions = (
				en,
				Base,
			);
			mainGroup = 658DB1AB29FBCDB400DFA24E;
			productRefGroup = 658DB1B529FBCDB400DFA24E /* Products */;
			projectDirPath = "";
			projectRoot = "";
			targets = (
				658DB1B329FBCDB400DFA24E /* PowerConsumption */,
			);
		};
/* End PBXProject section */

/* Begin PBXResourcesBuildPhase section */
		658DB1B229FBCDB400DFA24E /* Resources */ = {
			isa = PBXResourcesBuildPhase;
			buildActionMask = 2147483647;
			files = (
				658DB1BF29FBCDB500DFA24E /* Preview Assets.xcassets in Resources */,
				658DB1BC29FBCDB500DFA24E /* Assets.xcassets in Resources */,
			);
			runOnlyForDeploymentPostprocessing = 0;
		};
/* End PBXResourcesBuildPhase section */

/* Begin PBXSourcesBuildPhase section */
		658DB1B029FBCDB400DFA24E /* Sources */ = {
			isa = PBXSourcesBuildPhase;
			buildActionMask = 2147483647;
			files = (
				658DB1C829FBD50500DFA24E /* psudata.c in Sources */,
				658DB1B829FBCDB400DFA24E /* PowerConsumptionApp.swift in Sources */,
			);
			runOnlyForDeploymentPostprocessing = 0;
		};
/* End PBXSourcesBuildPhase section */

/* Begin XCBuildConfiguration section */
		658DB1C129FBCDB500DFA24E /* Debug */ = {
			isa = XCBuildConfiguration;
			buildSettings = {
				ALWAYS_SEARCH_USER_PATHS = NO;
				CLANG_ANALYZER_NONNULL = YES;
				CLANG_ANALYZER_NUMBER_OBJECT_CONVERSION = YES_AGGRESSIVE;
				CLANG_CXX_LANGUAGE_STANDARD = "gnu++20";
				CLANG_ENABLE_MODULES = YES;
				CLANG_ENABLE_OBJC_ARC = YES;
				CLANG_ENABLE_OBJC_WEAK = YES;
				CLANG_WARN_BLOCK_CAPTURE_AUTORELEASING = YES;
				CLANG_WARN_BOOL_CONVERSION = YES;
				CLANG_WARN_COMMA = YES;
				CLANG_WARN_CONSTANT_CONVERSION = YES;
				CLANG_WARN_DEPRECATED_OBJC_IMPLEMENTATIONS = YES;
				CLANG_WARN_DIRECT_OBJC_ISA_USAGE = YES_ERROR;
				CLANG_WARN_DOCUMENTATION_COMMENTS = YES;
				CLANG_WARN_EMPTY_BODY = YES;
				CLANG_WARN_ENUM_CONVERSION = YES;
				CLANG_WARN_INFINITE_RECURSION = YES;
				CLANG_WARN_INT_CONVERSION = YES;
				CLANG_WARN_NON_LITERAL_NULL_CONVERSION = YES;
				CLANG_WARN_OBJC_IMPLICIT_RETAIN_SELF = YES;
				CLANG_WARN_OBJC_LITERAL_CONVERSION = YES;
				CLANG_WARN_OBJC_ROOT_CLASS = YES_ERROR;
				CLANG_WARN_QUOTED_INCLUDE_IN_FRAMEWORK_HEADER = YES;
				CLANG_WARN_RANGE_LOOP_ANALYSIS = YES;
				CLANG_WARN_STRICT_PROTOTYPES = YES;
				CLANG_WARN_SUSPICIOUS_MOVE = YES;
				CLANG_WARN_UNGUARDED_AVAILABILITY = YES_AGGRESSIVE;
				CLANG_WARN_UNREACHABLE_CODE = YES;
				CLANG_WARN__DUPLICATE_METHOD_MATCH = YES;
				COPY_PHASE_STRIP = NO;
				DEBUG_INFORMATION_FORMAT = dwarf;
				ENABLE_STRICT_OBJC_MSGSEND = YES;
				ENABLE_TESTABILITY = YES;
				GCC_C_LANGUAGE_STANDARD = gnu11;
				GCC_DYNAMIC_NO_PIC = NO;
				GCC_NO_COMMON_BLOCKS = YES;
				GCC_OPTIMIZATION_LEVEL = 0;
				GCC_PREPROCESSOR_DEFINITIONS = (
					"DEBUG=1",
					"$(inherited)",
				);
				GCC_WARN_64_TO_32_BIT_CONVERSION = YES;
				GCC_WARN_ABOUT_RETURN_TYPE = YES_ERROR;
				GCC_WARN_UNDECLARED_SELECTOR = YES;
				GCC_WARN_UNINITIALIZED_AUTOS = YES_AGGRESSIVE;
				GCC_WARN_UNUSED_FUNCTION = YES;
				GCC_WARN_UNUSED_VARIABLE = YES;
				MACOSX_DEPLOYMENT_TARGET = 13.3;
				MTL_ENABLE_DEBUG_INFO = INCLUDE_SOURCE;
				MTL_FAST_MATH = YES;
				ONLY_ACTIVE_ARCH = YES;
				SDKROOT = macosx;
				SWIFT_ACTIVE_COMPILATION_CONDITIONS = DEBUG;
				SWIFT_OPTIMIZATION_LEVEL = "-Onone";
			};
			name = Debug;
		};
		658DB1C229FBCDB500DFA24E /* Release */ = {
			isa = XCBuildConfiguration;
			buildSettings = {
				ALWAYS_SEARCH_USER_PATHS = NO;
				CLANG_ANALYZER_NONNULL = YES;
				CLANG_ANALYZER_NUMBER_OBJECT_CONVERSION = YES_AGGRESSIVE;
				CLANG_CXX_LANGUAGE_STANDARD = "gnu++20";
				CLANG_ENABLE_MODULES = YES;
				CLANG_ENABLE_OBJC_ARC = YES;
				CLANG_ENABLE_OBJC_WEAK = YES;
				CLANG_WARN_BLOCK_CAPTURE_AUTORELEASING = YES;
				CLANG_WARN_BOOL_CONVERSION = YES;
				CLANG_WARN_COMMA = YES;
				CLANG_WARN_CONSTANT_CONVERSION = YES;
				CLANG_WARN_DEPRECATED_OBJC_IMPLEMENTATIONS = YES;
				CLANG_WARN_DIRECT_OBJC_ISA_USAGE = YES_ERROR;
				CLANG_WARN_DOCUMENTATION_COMMENTS = YES;
				CLANG_WARN_EMPTY_BODY = YES;
				CLANG_WARN_ENUM_CONVERSION = YES;
				CLANG_WARN_INFINITE_RECURSION = YES;
				CLANG_WARN_INT_CONVERSION = YES;
				CLANG_WARN_NON_LITERAL_NULL_CONVERSION = YES;
				CLANG_WARN_OBJC_IMPLICIT_RETAIN_SELF = YES;
				CLANG_WARN_OBJC_LITERAL_CONVERSION = YES;
				CLANG_WARN_OBJC_ROOT_CLASS = YES_ERROR;
				CLANG_WARN_QUOTED_INCLUDE_IN_FRAMEWORK_HEADER = YES;
				CLANG_WARN_RANGE_LOOP_ANALYSIS = YES;
				CLANG_WARN_STRICT_PROTOTYPES = YES;
				CLANG_WARN_SUSPICIOUS_MOVE = YES;
				CLANG_WARN_UNGUARDED_AVAILABILITY = YES_AGGRESSIVE;
				CLANG_WARN_UNREACHABLE_CODE = YES;
				CLANG_WARN__DUPLICATE_METHOD_MATCH = YES;
				COPY_PHASE_STRIP = NO;
				DEBUG_INFORMATION_FORMAT = "dwarf-with-dsym";
				ENABLE_NS_ASSERTIONS = NO;
				ENABLE_STRICT_OBJC_MSGSEND = YES;
				GCC_C_LANGUAGE_STANDARD = gnu11;
				GCC_NO_COMMON_BLOCKS = YES;
				GCC_WARN_64_TO_32_BIT_CONVERSION = YES;
				GCC_WARN_ABOUT_RETURN_TYPE = YES_ERROR;
				GCC_WARN_UNDECLARED_SELECTOR = YES;
				GCC_WARN_UNINITIALIZED_AUTOS = YES_AGGRESSIVE;
				GCC_WARN_UNUSED_FUNCTION = YES;
				GCC_WARN_UNUSED_VARIABLE = YES;
				MACOSX_DEPLOYMENT_TARGET = 13.3;
				MTL_ENABLE_DEBUG_INFO = NO;
				MTL_FAST_MATH = YES;
				SDKROOT = macosx;
				SWIFT_COMPILATION_MODE = wholemodule;
				SWIFT_OPTIMIZATION_LEVEL = "-O";
			};
			name = Release;
		};
		658DB1C429FBCDB500DFA24E /* Debug */ = {
			isa = XCBuildConfiguration;
			buildSettings = {
				ASSETCATALOG_COMPILER_APPICON_NAME = AppIcon;
				ASSETCATALOG_COMPILER_GLOBAL_ACCENT_COLOR_NAME = AccentColor;
				CLANG_ENABLE_MODULES = YES;
				CODE_SIGN_ENTITLEMENTS = PowerConsumption/PowerConsumption.entitlements;
				"CODE_SIGN_IDENTITY[sdk=macosx*]" = "-";
				CODE_SIGN_STYLE = Automatic;
				COMBINE_HIDPI_IMAGES = YES;
				CURRENT_PROJECT_VERSION = 1;
				DEVELOPMENT_ASSET_PATHS = "\"PowerConsumption/Preview Content\"";
				DEVELOPMENT_TEAM = G632WH556L;
				ENABLE_HARDENED_RUNTIME = NO;
				ENABLE_PREVIEWS = YES;
				GENERATE_INFOPLIST_FILE = YES;
				INFOPLIST_KEY_NSHumanReadableCopyright = "";
				LD_RUNPATH_SEARCH_PATHS = (
					"$(inherited)",
					"@executable_path/../Frameworks",
				);
				MARKETING_VERSION = 1.0;
				PRODUCT_BUNDLE_IDENTIFIER = com.tay.PowerConsumption;
				PRODUCT_NAME = "$(TARGET_NAME)";
				SWIFT_EMIT_LOC_STRINGS = YES;
				SWIFT_OBJC_BRIDGING_HEADER = "PowerConsumption/PowerConsumption-Bridging-Header.h";
				SWIFT_OPTIMIZATION_LEVEL = "-Onone";
				SWIFT_VERSION = 5.0;
			};
			name = Debug;
		};
		658DB1C529FBCDB500DFA24E /* Release */ = {
			isa = XCBuildConfiguration;
			buildSettings = {
				ASSETCATALOG_COMPILER_APPICON_NAME = AppIcon;
				ASSETCATALOG_COMPILER_GLOBAL_ACCENT_COLOR_NAME = AccentColor;
				CLANG_ENABLE_MODULES = YES;
				CODE_SIGN_ENTITLEMENTS = PowerConsumption/PowerConsumption.entitlements;
				"CODE_SIGN_IDENTITY[sdk=macosx*]" = "-";
				CODE_SIGN_STYLE = Automatic;
				COMBINE_HIDPI_IMAGES = YES;
				CURRENT_PROJECT_VERSION = 1;
				DEVELOPMENT_ASSET_PATHS = "\"PowerConsumption/Preview Content\"";
				DEVELOPMENT_TEAM = G632WH556L;
				ENABLE_HARDENED_RUNTIME = NO;
				ENABLE_PREVIEWS = YES;
				GENERATE_INFOPLIST_FILE = YES;
				INFOPLIST_KEY_NSHumanReadableCopyright = "";
				LD_RUNPATH_SEARCH_PATHS = (
					"$(inherited)",
					"@executable_path/../Frameworks",
				);
				MARKETING_VERSION = 1.0;
				PRODUCT_BUNDLE_IDENTIFIER = com.tay.PowerConsumption;
				PRODUCT_NAME = "$(TARGET_NAME)";
				SWIFT_EMIT_LOC_STRINGS = YES;
				SWIFT_OBJC_BRIDGING_HEADER = "PowerConsumption/PowerConsumption-Bridging-Header.h";
				SWIFT_VERSION = 5.0;
			};
			name = Release;
		};
/* End XCBuildConfiguration section */

/* Begin XCConfigurationList section */
		658DB1AF29FBCDB400DFA24E /* Build configuration list for PBXProject "PowerConsumption" */ = {
			isa = XCConfigurationList;
			buildConfigurations = (
				658DB1C129FBCDB500DFA24E /* Debug */,
				658DB1C229FBCDB500DFA24E /* Release */,
			);
			defaultConfigurationIsVisible = 0;
			defaultConfigurationName = Release;
		};
		658DB1C329FBCDB500DFA24E /* Build configuration list for PBXNativeTarget "PowerConsumption" */ = {
			isa = XCConfigurationList;
			buildConfigurations = (
				658DB1C429FBCDB500DFA24E /* Debug */,
				658DB1C529FBCDB500DFA24E /* Release */,
			);
			defaultConfigurationIsVisible = 0;
			defaultConfigurationName = Release;
		};
/* End XCConfigurationList section */
	};
	rootObject = 658DB1AC29FBCDB400DFA24E /* Project object */;
}
